
Microsoft Visual Studio Solution File, Format Version 12.00
# Visual Studio Version 16
VisualStudioVersion = 16.0.29324.140
MinimumVisualStudioVersion = 10.0.40219.1
Project("{00D1A9C2-B5F0-4AF3-8072-F6C62B433612}") = "ProductDb", "ProductDb\ProductDb.sqlproj", "{D31B4A53-E631-4765-B878-DCDFFAC4D9DD}"
EndProject
Project("{FAE04EC0-301F-11D3-BF4B-00C04F79EFBC}") = "ProductOrderApi", "ProductOrderApi\ProductOrderApi.csproj", "{A15A031A-9852-42F2-AB24-5B87382B4384}"
EndProject
Global
	GlobalSection(SolutionConfigurationPlatforms) = preSolution
		Debug|Any CPU = Debug|Any CPU
		Release|Any CPU = Release|Any CPU
	EndGlobalSection
	GlobalSection(ProjectConfigurationPlatforms) = postSolution
		{D31B4A53-E631-4765-B878-DCDFFAC4D9DD}.Debug|Any CPU.ActiveCfg = Debug|Any CPU
		{D31B4A53-E631-4765-B878-DCDFFAC4D9DD}.Debug|Any CPU.Build.0 = Debug|Any CPU
		{D31B4A53-E631-4765-B878-DCDFFAC4D9DD}.Debug|Any CPU.Deploy.0 = Debug|Any CPU
		{D31B4A53-E631-4765-B878-DCDFFAC4D9DD}.Release|Any CPU.ActiveCfg = Release|Any CPU
		{D31B4A53-E631-4765-B878-DCDFFAC4D9DD}.Release|Any CPU.Build.0 = Release|Any CPU
		{D31B4A53-E631-4765-B878-DCDFFAC4D9DD}.Release|Any CPU.Deploy.0 = Release|Any CPU
		{A15A031A-9852-42F2-AB24-5B87382B4384}.Debug|Any CPU.ActiveCfg = Debug|Any CPU
		{A15A031A-9852-42F2-AB24-5B87382B4384}.Debug|Any CPU.Build.0 = Debug|Any CPU
		{A15A031A-9852-42F2-AB24-5B87382B4384}.Release|Any CPU.ActiveCfg = Release|Any CPU
		{A15A031A-9852-42F2-AB24-5B87382B4384}.Release|Any CPU.Build.0 = Release|Any CPU
	EndGlobalSection
	GlobalSection(SolutionProperties) = preSolution
		HideSolutionNode = FALSE
	EndGlobalSection
	GlobalSection(ExtensibilityGlobals) = postSolution
		SolutionGuid = {EC654E4F-8DB5-4C27-BD96-6CB8CE4779A6}
	EndGlobalSection
EndGlobal
